
Microsoft Visual Studio Solution File, Format Version 12.00
# Visual Studio 2012
Project("{FAE04EC0-301F-11D3-BF4B-00C04F79EFBC}") = "HockeySDK-Console", "HockeySDK-Console\HockeySDK-Console.csproj", "{BF108E50-5CE6-41E6-8BE3-602D4D28CBD9}"
EndProject
Global
	GlobalSection(SolutionConfigurationPlatforms) = preSolution
		Debug|Any CPU = Debug|Any CPU
		Release|Any CPU = Release|Any CPU
	EndGlobalSection
	GlobalSection(ProjectConfigurationPlatforms) = postSolution
		{BF108E50-5CE6-41E6-8BE3-602D4D28CBD9}.Debug|Any CPU.ActiveCfg = Debug|Any CPU
		{BF108E50-5CE6-41E6-8BE3-602D4D28CBD9}.Debug|Any CPU.Build.0 = Debug|Any CPU
		{BF108E50-5CE6-41E6-8BE3-602D4D28CBD9}.Release|Any CPU.ActiveCfg = Release|Any CPU
		{BF108E50-5CE6-41E6-8BE3-602D4D28CBD9}.Release|Any CPU.Build.0 = Release|Any CPU
	EndGlobalSection
	GlobalSection(SolutionProperties) = preSolution
		HideSolutionNode = FALSE
	EndGlobalSection
EndGlobal
